
Microsoft Visual Studio Solution File, Format Version 12.00
# Visual Studio Version 17
VisualStudioVersion = 17.8.34525.116
MinimumVisualStudioVersion = 10.0.40219.1
Project("{FAE04EC0-301F-11D3-BF4B-00C04F79EFBC}") = "MQTT Publisher", "MQTT Publisher.csproj", "{8F0A4493-286D-4435-B781-A6FE27E57BF3}"
EndProject
Global
	GlobalSection(SolutionConfigurationPlatforms) = preSolution
		Debug|Any CPU = Debug|Any CPU
		Release|Any CPU = Release|Any CPU
	EndGlobalSection
	GlobalSection(ProjectConfigurationPlatforms) = postSolution
		{8F0A4493-286D-4435-B781-A6FE27E57BF3}.Debug|Any CPU.ActiveCfg = Debug|Any CPU
		{8F0A4493-286D-4435-B781-A6FE27E57BF3}.Debug|Any CPU.Build.0 = Debug|Any CPU
		{8F0A4493-286D-4435-B781-A6FE27E57BF3}.Release|Any CPU.ActiveCfg = Release|Any CPU
		{8F0A4493-286D-4435-B781-A6FE27E57BF3}.Release|Any CPU.Build.0 = Release|Any CPU
	EndGlobalSection
	GlobalSection(SolutionProperties) = preSolution
		HideSolutionNode = FALSE
	EndGlobalSection
	GlobalSection(ExtensibilityGlobals) = postSolution
		SolutionGuid = {1611EEF4-A8CD-4097-9ED3-0980C0A125B5}
	EndGlobalSection
EndGlobal
